
Microsoft Visual Studio Solution File, Format Version 12.00
# Visual Studio Version 17
VisualStudioVersion = 17.2.32802.462
MinimumVisualStudioVersion = 10.0.40219.1
Project("{FAE04EC0-301F-11D3-BF4B-00C04F79EFBC}") = "zh3_FSSWJJ", "zh3_FSSWJJ\zh3_FSSWJJ.csproj", "{46CB29C9-FAFA-450E-943D-681AD2D6C87A}"
EndProject
Project("{FAE04EC0-301F-11D3-BF4B-00C04F79EFBC}") = "excel_FSSWJJ", "excel_FSSWJJ\excel_FSSWJJ.csproj", "{C97F9873-2168-4E86-A9F4-AD5F72154C78}"
EndProject
Global
	GlobalSection(SolutionConfigurationPlatforms) = preSolution
		Debug|Any CPU = Debug|Any CPU
		Release|Any CPU = Release|Any CPU
	EndGlobalSection
	GlobalSection(ProjectConfigurationPlatforms) = postSolution
		{46CB29C9-FAFA-450E-943D-681AD2D6C87A}.Debug|Any CPU.ActiveCfg = Debug|Any CPU
		{46CB29C9-FAFA-450E-943D-681AD2D6C87A}.Debug|Any CPU.Build.0 = Debug|Any CPU
		{46CB29C9-FAFA-450E-943D-681AD2D6C87A}.Release|Any CPU.ActiveCfg = Release|Any CPU
		{46CB29C9-FAFA-450E-943D-681AD2D6C87A}.Release|Any CPU.Build.0 = Release|Any CPU
		{C97F9873-2168-4E86-A9F4-AD5F72154C78}.Debug|Any CPU.ActiveCfg = Debug|Any CPU
		{C97F9873-2168-4E86-A9F4-AD5F72154C78}.Debug|Any CPU.Build.0 = Debug|Any CPU
		{C97F9873-2168-4E86-A9F4-AD5F72154C78}.Release|Any CPU.ActiveCfg = Release|Any CPU
		{C97F9873-2168-4E86-A9F4-AD5F72154C78}.Release|Any CPU.Build.0 = Release|Any CPU
	EndGlobalSection
	GlobalSection(SolutionProperties) = preSolution
		HideSolutionNode = FALSE
	EndGlobalSection
	GlobalSection(ExtensibilityGlobals) = postSolution
		SolutionGuid = {E78588A4-3091-4631-8327-CDB1A0A9057B}
	EndGlobalSection
EndGlobal
